// !$*UTF8*$!
{
	archiveVersion = 1;
	classes = {
	};
	objectVersion = 46;
	objects = {

/* Begin PBXBuildFile section */
		280A43A21FAA8F1000B7305D /* DistanceTableControllerTableViewController.swift in Sources */ = {isa = PBXBuildFile; fileRef = 280A43A11FAA8F1000B7305D /* DistanceTableControllerTableViewController.swift */; };
		280C086A1FC1CC4300CD86CB /* ProfileController.swift in Sources */ = {isa = PBXBuildFile; fileRef = 280C08691FC1CC4300CD86CB /* ProfileController.swift */; };
		282D1A4C1F9D1CE40075E97F /* UserMainController.swift in Sources */ = {isa = PBXBuildFile; fileRef = 282D1A4B1F9D1CE40075E97F /* UserMainController.swift */; };
		282F17B11F85710B00D3A5DE /* AppDelegate.swift in Sources */ = {isa = PBXBuildFile; fileRef = 282F17B01F85710B00D3A5DE /* AppDelegate.swift */; };
		282F17B61F85710C00D3A5DE /* Main.storyboard in Resources */ = {isa = PBXBuildFile; fileRef = 282F17B41F85710C00D3A5DE /* Main.storyboard */; };
		282F17B81F85710C00D3A5DE /* Assets.xcassets in Resources */ = {isa = PBXBuildFile; fileRef = 282F17B71F85710C00D3A5DE /* Assets.xcassets */; };
		282F17BB1F85710C00D3A5DE /* LaunchScreen.storyboard in Resources */ = {isa = PBXBuildFile; fileRef = 282F17B91F85710C00D3A5DE /* LaunchScreen.storyboard */; };
		2863B9651FB851F600D80FF8 /* UserStateModel.swift in Sources */ = {isa = PBXBuildFile; fileRef = 2863B9641FB851F600D80FF8 /* UserStateModel.swift */; };
		2863B9681FB8529800D80FF8 /* UserStateModelController.swift in Sources */ = {isa = PBXBuildFile; fileRef = 2863B9671FB8529700D80FF8 /* UserStateModelController.swift */; };
		2863B96A1FBC6F2F00D80FF8 /* AdminController.swift in Sources */ = {isa = PBXBuildFile; fileRef = 2863B9691FBC6F2F00D80FF8 /* AdminController.swift */; };
		2887437F1FC32D8200C8FB0D /* UserData.swift in Sources */ = {isa = PBXBuildFile; fileRef = 2887437E1FC32D8200C8FB0D /* UserData.swift */; };
		2897C7C61F8E541200AB76B0 /* LoginController.swift in Sources */ = {isa = PBXBuildFile; fileRef = 2897C7C41F8E541200AB76B0 /* LoginController.swift */; };
		2897C7CA1F8F6B2200AB76B0 /* CreateAccountController.swift in Sources */ = {isa = PBXBuildFile; fileRef = 2897C7C91F8F6B2200AB76B0 /* CreateAccountController.swift */; };
		2897C7CC1F8F6CF600AB76B0 /* ForgotPasswordController.swift in Sources */ = {isa = PBXBuildFile; fileRef = 2897C7CB1F8F6CF500AB76B0 /* ForgotPasswordController.swift */; };
		28991A461FC8CE800085CB0C /* Authentification.swift in Sources */ = {isa = PBXBuildFile; fileRef = 28991A451FC8CE800085CB0C /* Authentification.swift */; };
		28DFC4681FA1FFC5009739D6 /* LocationsModel.swift in Sources */ = {isa = PBXBuildFile; fileRef = 28DFC4671FA1FFC5009739D6 /* LocationsModel.swift */; };
		28ECBB6D1FCA11080073F3BE /* KeyboardLayoutConstraint.swift in Sources */ = {isa = PBXBuildFile; fileRef = 28ECBB6C1FCA11080073F3BE /* KeyboardLayoutConstraint.swift */; };
		91ED72437DE3E7747EE55D6C /* Pods_ADrive.framework in Frameworks */ = {isa = PBXBuildFile; fileRef = 3C30115803FE460D9178201E /* Pods_ADrive.framework */; };
/* End PBXBuildFile section */

/* Begin PBXFileReference section */
		280A43A11FAA8F1000B7305D /* DistanceTableControllerTableViewController.swift */ = {isa = PBXFileReference; lastKnownFileType = sourcecode.swift; path = DistanceTableControllerTableViewController.swift; sourceTree = "<group>"; };
		280C08691FC1CC4300CD86CB /* ProfileController.swift */ = {isa = PBXFileReference; lastKnownFileType = sourcecode.swift; path = ProfileController.swift; sourceTree = "<group>"; };
		282D1A4B1F9D1CE40075E97F /* UserMainController.swift */ = {isa = PBXFileReference; lastKnownFileType = sourcecode.swift; path = UserMainController.swift; sourceTree = "<group>"; };
		282F17AD1F85710B00D3A5DE /* ADrive.app */ = {isa = PBXFileReference; explicitFileType = wrapper.application; includeInIndex = 0; path = ADrive.app; sourceTree = BUILT_PRODUCTS_DIR; };
		282F17B01F85710B00D3A5DE /* AppDelegate.swift */ = {isa = PBXFileReference; lastKnownFileType = sourcecode.swift; path = AppDelegate.swift; sourceTree = "<group>"; };
		282F17B51F85710C00D3A5DE /* Base */ = {isa = PBXFileReference; lastKnownFileType = file.storyboard; name = Base; path = Base.lproj/Main.storyboard; sourceTree = "<group>"; };
		282F17B71F85710C00D3A5DE /* Assets.xcassets */ = {isa = PBXFileReference; lastKnownFileType = folder.assetcatalog; path = Assets.xcassets; sourceTree = "<group>"; };
		282F17BA1F85710C00D3A5DE /* Base */ = {isa = PBXFileReference; lastKnownFileType = file.storyboard; name = Base; path = Base.lproj/LaunchScreen.storyboard; sourceTree = "<group>"; };
		282F17BC1F85710C00D3A5DE /* Info.plist */ = {isa = PBXFileReference; lastKnownFileType = text.plist.xml; path = Info.plist; sourceTree = "<group>"; };
		2863B9641FB851F600D80FF8 /* UserStateModel.swift */ = {isa = PBXFileReference; lastKnownFileType = sourcecode.swift; path = UserStateModel.swift; sourceTree = "<group>"; };
		2863B9671FB8529700D80FF8 /* UserStateModelController.swift */ = {isa = PBXFileReference; lastKnownFileType = sourcecode.swift; path = UserStateModelController.swift; sourceTree = "<group>"; };
		2863B9691FBC6F2F00D80FF8 /* AdminController.swift */ = {isa = PBXFileReference; lastKnownFileType = sourcecode.swift; path = AdminController.swift; sourceTree = "<group>"; };
		2887437E1FC32D8200C8FB0D /* UserData.swift */ = {isa = PBXFileReference; lastKnownFileType = sourcecode.swift; path = UserData.swift; sourceTree = "<group>"; };
		2897C7C41F8E541200AB76B0 /* LoginController.swift */ = {isa = PBXFileReference; lastKnownFileType = sourcecode.swift; path = LoginController.swift; sourceTree = "<group>"; };
		2897C7C91F8F6B2200AB76B0 /* CreateAccountController.swift */ = {isa = PBXFileReference; lastKnownFileType = sourcecode.swift; path = CreateAccountController.swift; sourceTree = "<group>"; };
		2897C7CB1F8F6CF500AB76B0 /* ForgotPasswordController.swift */ = {isa = PBXFileReference; lastKnownFileType = sourcecode.swift; path = ForgotPasswordController.swift; sourceTree = "<group>"; };
		28991A421FC367590085CB0C /* ADrive.entitlements */ = {isa = PBXFileReference; lastKnownFileType = text.plist.entitlements; path = ADrive.entitlements; sourceTree = "<group>"; };
		28991A451FC8CE800085CB0C /* Authentification.swift */ = {isa = PBXFileReference; lastKnownFileType = sourcecode.swift; path = Authentification.swift; sourceTree = "<group>"; };
		28DFC4671FA1FFC5009739D6 /* LocationsModel.swift */ = {isa = PBXFileReference; lastKnownFileType = sourcecode.swift; path = LocationsModel.swift; sourceTree = "<group>"; };
		28ECBB6C1FCA11080073F3BE /* KeyboardLayoutConstraint.swift */ = {isa = PBXFileReference; fileEncoding = 4; lastKnownFileType = sourcecode.swift; path = KeyboardLayoutConstraint.swift; sourceTree = "<group>"; };
		3C30115803FE460D9178201E /* Pods_ADrive.framework */ = {isa = PBXFileReference; explicitFileType = wrapper.framework; includeInIndex = 0; path = Pods_ADrive.framework; sourceTree = BUILT_PRODUCTS_DIR; };
		BED05C58104D2815C308A0A8 /* Pods-ADrive.debug.xcconfig */ = {isa = PBXFileReference; includeInIndex = 1; lastKnownFileType = text.xcconfig; name = "Pods-ADrive.debug.xcconfig"; path = "Pods/Target Support Files/Pods-ADrive/Pods-ADrive.debug.xcconfig"; sourceTree = "<group>"; };
		E099CFB295107EBE7F94AF83 /* Pods-ADrive.release.xcconfig */ = {isa = PBXFileReference; includeInIndex = 1; lastKnownFileType = text.xcconfig; name = "Pods-ADrive.release.xcconfig"; path = "Pods/Target Support Files/Pods-ADrive/Pods-ADrive.release.xcconfig"; sourceTree = "<group>"; };
/* End PBXFileReference section */

/* Begin PBXFrameworksBuildPhase section */
		282F17AA1F85710B00D3A5DE /* Frameworks */ = {
			isa = PBXFrameworksBuildPhase;
			buildActionMask = 2147483647;
			files = (
				91ED72437DE3E7747EE55D6C /* Pods_ADrive.framework in Frameworks */,
			);
			runOnlyForDeploymentPostprocessing = 0;
		};
/* End PBXFrameworksBuildPhase section */

/* Begin PBXGroup section */
		282F17A41F85710B00D3A5DE = {
			isa = PBXGroup;
			children = (
				282F17AF1F85710B00D3A5DE /* ADrive */,
				282F17AE1F85710B00D3A5DE /* Products */,
				345F8E5079632D5AB560EFA9 /* Pods */,
				E8FA359083226BD365D1D18E /* Frameworks */,
			);
			sourceTree = "<group>";
		};
		282F17AE1F85710B00D3A5DE /* Products */ = {
			isa = PBXGroup;
			children = (
				282F17AD1F85710B00D3A5DE /* ADrive.app */,
			);
			name = Products;
			sourceTree = "<group>";
		};
		282F17AF1F85710B00D3A5DE /* ADrive */ = {
			isa = PBXGroup;
			children = (
				28ECBB6C1FCA11080073F3BE /* KeyboardLayoutConstraint.swift */,
				28991A421FC367590085CB0C /* ADrive.entitlements */,
				2863B9661FB8522700D80FF8 /* ModelControllers */,
				28DFC4661FA1FF97009739D6 /* Models */,
				2897C7BB1F8E444D00AB76B0 /* Controllers */,
				282F17B41F85710C00D3A5DE /* Main.storyboard */,
				282F17BC1F85710C00D3A5DE /* Info.plist */,
				2897C7C81F8F5DBB00AB76B0 /* Supporting Files */,
			);
			path = ADrive;
			sourceTree = "<group>";
		};
		2863B9661FB8522700D80FF8 /* ModelControllers */ = {
			isa = PBXGroup;
			children = (
				2863B9671FB8529700D80FF8 /* UserStateModelController.swift */,
			);
			path = ModelControllers;
			sourceTree = "<group>";
		};
		2897C7BB1F8E444D00AB76B0 /* Controllers */ = {
			isa = PBXGroup;
			children = (
				28991A451FC8CE800085CB0C /* Authentification.swift */,
				2897C7C41F8E541200AB76B0 /* LoginController.swift */,
				2897C7C91F8F6B2200AB76B0 /* CreateAccountController.swift */,
				2897C7CB1F8F6CF500AB76B0 /* ForgotPasswordController.swift */,
				282D1A4B1F9D1CE40075E97F /* UserMainController.swift */,
				280A43A11FAA8F1000B7305D /* DistanceTableControllerTableViewController.swift */,
				2863B9691FBC6F2F00D80FF8 /* AdminController.swift */,
				280C08691FC1CC4300CD86CB /* ProfileController.swift */,
			);
			path = Controllers;
			sourceTree = "<group>";
		};
		2897C7C81F8F5DBB00AB76B0 /* Supporting Files */ = {
			isa = PBXGroup;
			children = (
				282F17B01F85710B00D3A5DE /* AppDelegate.swift */,
				282F17B71F85710C00D3A5DE /* Assets.xcassets */,
				282F17B91F85710C00D3A5DE /* LaunchScreen.storyboard */,
			);
			path = "Supporting Files";
			sourceTree = "<group>";
		};
		28DFC4661FA1FF97009739D6 /* Models */ = {
			isa = PBXGroup;
			children = (
				28DFC4671FA1FFC5009739D6 /* LocationsModel.swift */,
				2863B9641FB851F600D80FF8 /* UserStateModel.swift */,
				2887437E1FC32D8200C8FB0D /* UserData.swift */,
			);
			path = Models;
			sourceTree = "<group>";
		};
		345F8E5079632D5AB560EFA9 /* Pods */ = {
			isa = PBXGroup;
			children = (
				BED05C58104D2815C308A0A8 /* Pods-ADrive.debug.xcconfig */,
				E099CFB295107EBE7F94AF83 /* Pods-ADrive.release.xcconfig */,
			);
			name = Pods;
			sourceTree = "<group>";
		};
		E8FA359083226BD365D1D18E /* Frameworks */ = {
			isa = PBXGroup;
			children = (
				3C30115803FE460D9178201E /* Pods_ADrive.framework */,
			);
			name = Frameworks;
			sourceTree = "<group>";
		};
/* End PBXGroup section */

/* Begin PBXNativeTarget section */
		282F17AC1F85710B00D3A5DE /* ADrive */ = {
			isa = PBXNativeTarget;
			buildConfigurationList = 282F17BF1F85710C00D3A5DE /* Build configuration list for PBXNativeTarget "ADrive" */;
			buildPhases = (
				D7DFBF465A080AFCD956EA5D /* [CP] Check Pods Manifest.lock */,
				282F17A91F85710B00D3A5DE /* Sources */,
				282F17AA1F85710B00D3A5DE /* Frameworks */,
				282F17AB1F85710B00D3A5DE /* Resources */,
				9ACB936CC15C1CEAA96C5B9E /* [CP] Embed Pods Frameworks */,
				4B9B35E5E7409E33C9C299BB /* [CP] Copy Pods Resources */,
			);
			buildRules = (
			);
			dependencies = (
			);
			name = ADrive;
			productName = ADrive;
			productReference = 282F17AD1F85710B00D3A5DE /* ADrive.app */;
			productType = "com.apple.product-type.application";
		};
/* End PBXNativeTarget section */

/* Begin PBXProject section */
		282F17A51F85710B00D3A5DE /* Project object */ = {
			isa = PBXProject;
			attributes = {
				LastSwiftUpdateCheck = 0830;
				LastUpgradeCheck = 0830;
				ORGANIZATIONNAME = "Данияр Кадырбеков";
				TargetAttributes = {
					282F17AC1F85710B00D3A5DE = {
						CreatedOnToolsVersion = 8.3.2;
						DevelopmentTeam = DB27N6GZDY;
						ProvisioningStyle = Automatic;
						SystemCapabilities = {
							com.apple.Push = {
								enabled = 1;
							};
						};
					};
				};
			};
			buildConfigurationList = 282F17A81F85710B00D3A5DE /* Build configuration list for PBXProject "ADrive" */;
			compatibilityVersion = "Xcode 3.2";
			developmentRegion = English;
			hasScannedForEncodings = 0;
			knownRegions = (
				en,
				Base,
			);
			mainGroup = 282F17A41F85710B00D3A5DE;
			productRefGroup = 282F17AE1F85710B00D3A5DE /* Products */;
			projectDirPath = "";
			projectRoot = "";
			targets = (
				282F17AC1F85710B00D3A5DE /* ADrive */,
			);
		};
/* End PBXProject section */

/* Begin PBXResourcesBuildPhase section */
		282F17AB1F85710B00D3A5DE /* Resources */ = {
			isa = PBXResourcesBuildPhase;
			buildActionMask = 2147483647;
			files = (
				282F17BB1F85710C00D3A5DE /* LaunchScreen.storyboard in Resources */,
				282F17B81F85710C00D3A5DE /* Assets.xcassets in Resources */,
				282F17B61F85710C00D3A5DE /* Main.storyboard in Resources */,
			);
			runOnlyForDeploymentPostprocessing = 0;
		};
/* End PBXResourcesBuildPhase section */

/* Begin PBXShellScriptBuildPhase section */
		4B9B35E5E7409E33C9C299BB /* [CP] Copy Pods Resources */ = {
			isa = PBXShellScriptBuildPhase;
			buildActionMask = 2147483647;
			files = (
			);
			inputPaths = (
				"${SRCROOT}/Pods/Target Support Files/Pods-ADrive/Pods-ADrive-resources.sh",
				"${PODS_ROOT}/GoogleMaps/Maps/Frameworks/GoogleMaps.framework/Resources/GoogleMaps.bundle",
				"${PODS_ROOT}/GooglePlaces/Frameworks/GooglePlaces.framework/Resources/GooglePlaces.bundle",
			);
			name = "[CP] Copy Pods Resources";
			outputPaths = (
				"${TARGET_BUILD_DIR}/${UNLOCALIZED_RESOURCES_FOLDER_PATH}",
			);
			runOnlyForDeploymentPostprocessing = 0;
			shellPath = /bin/sh;
			shellScript = "\"${SRCROOT}/Pods/Target Support Files/Pods-ADrive/Pods-ADrive-resources.sh\"\n";
			showEnvVarsInLog = 0;
		};
		9ACB936CC15C1CEAA96C5B9E /* [CP] Embed Pods Frameworks */ = {
			isa = PBXShellScriptBuildPhase;
			buildActionMask = 2147483647;
			files = (
			);
			inputPaths = (
				"${SRCROOT}/Pods/Target Support Files/Pods-ADrive/Pods-ADrive-frameworks.sh",
				"${BUILT_PRODUCTS_DIR}/ALCameraViewController/ALCameraViewController.framework",
				"${BUILT_PRODUCTS_DIR}/Alamofire/Alamofire.framework",
			);
			name = "[CP] Embed Pods Frameworks";
			outputPaths = (
				"${TARGET_BUILD_DIR}/${FRAMEWORKS_FOLDER_PATH}/ALCameraViewController.framework",
				"${TARGET_BUILD_DIR}/${FRAMEWORKS_FOLDER_PATH}/Alamofire.framework",
			);
			runOnlyForDeploymentPostprocessing = 0;
			shellPath = /bin/sh;
			shellScript = "\"${SRCROOT}/Pods/Target Support Files/Pods-ADrive/Pods-ADrive-frameworks.sh\"\n";
			showEnvVarsInLog = 0;
		};
		D7DFBF465A080AFCD956EA5D /* [CP] Check Pods Manifest.lock */ = {
			isa = PBXShellScriptBuildPhase;
			buildActionMask = 2147483647;
			files = (
			);
			inputPaths = (
				"${PODS_PODFILE_DIR_PATH}/Podfile.lock",
				"${PODS_ROOT}/Manifest.lock",
			);
			name = "[CP] Check Pods Manifest.lock";
			outputPaths = (
				"$(DERIVED_FILE_DIR)/Pods-ADrive-checkManifestLockResult.txt",
			);
			runOnlyForDeploymentPostprocessing = 0;
			shellPath = /bin/sh;
			shellScript = "diff \"${PODS_PODFILE_DIR_PATH}/Podfile.lock\" \"${PODS_ROOT}/Manifest.lock\" > /dev/null\nif [ $? != 0 ] ; then\n    # print error to STDERR\n    echo \"error: The sandbox is not in sync with the Podfile.lock. Run 'pod install' or update your CocoaPods installation.\" >&2\n    exit 1\nfi\n# This output is used by Xcode 'outputs' to avoid re-running this script phase.\necho \"SUCCESS\" > \"${SCRIPT_OUTPUT_FILE_0}\"\n";
			showEnvVarsInLog = 0;
		};
/* End PBXShellScriptBuildPhase section */

/* Begin PBXSourcesBuildPhase section */
		282F17A91F85710B00D3A5DE /* Sources */ = {
			isa = PBXSourcesBuildPhase;
			buildActionMask = 2147483647;
			files = (
				2863B9681FB8529800D80FF8 /* UserStateModelController.swift in Sources */,
				2897C7CC1F8F6CF600AB76B0 /* ForgotPasswordController.swift in Sources */,
				2863B9651FB851F600D80FF8 /* UserStateModel.swift in Sources */,
				280A43A21FAA8F1000B7305D /* DistanceTableControllerTableViewController.swift in Sources */,
				2897C7C61F8E541200AB76B0 /* LoginController.swift in Sources */,
				282D1A4C1F9D1CE40075E97F /* UserMainController.swift in Sources */,
				2887437F1FC32D8200C8FB0D /* UserData.swift in Sources */,
				282F17B11F85710B00D3A5DE /* AppDelegate.swift in Sources */,
				280C086A1FC1CC4300CD86CB /* ProfileController.swift in Sources */,
				2897C7CA1F8F6B2200AB76B0 /* CreateAccountController.swift in Sources */,
				28991A461FC8CE800085CB0C /* Authentification.swift in Sources */,
				28ECBB6D1FCA11080073F3BE /* KeyboardLayoutConstraint.swift in Sources */,
				28DFC4681FA1FFC5009739D6 /* LocationsModel.swift in Sources */,
				2863B96A1FBC6F2F00D80FF8 /* AdminController.swift in Sources */,
			);
			runOnlyForDeploymentPostprocessing = 0;
		};
/* End PBXSourcesBuildPhase section */

/* Begin PBXVariantGroup section */
		282F17B41F85710C00D3A5DE /* Main.storyboard */ = {
			isa = PBXVariantGroup;
			children = (
				282F17B51F85710C00D3A5DE /* Base */,
			);
			name = Main.storyboard;
			sourceTree = "<group>";
		};
		282F17B91F85710C00D3A5DE /* LaunchScreen.storyboard */ = {
			isa = PBXVariantGroup;
			children = (
				282F17BA1F85710C00D3A5DE /* Base */,
			);
			name = LaunchScreen.storyboard;
			sourceTree = "<group>";
		};
/* End PBXVariantGroup section */

/* Begin XCBuildConfiguration section */
		282F17BD1F85710C00D3A5DE /* Debug */ = {
			isa = XCBuildConfiguration;
			buildSettings = {
				ALWAYS_SEARCH_USER_PATHS = NO;
				CLANG_ANALYZER_NONNULL = YES;
				CLANG_ANALYZER_NUMBER_OBJECT_CONVERSION = YES_AGGRESSIVE;
				CLANG_CXX_LANGUAGE_STANDARD = "gnu++0x";
				CLANG_CXX_LIBRARY = "libc++";
				CLANG_ENABLE_MODULES = YES;
				CLANG_ENABLE_OBJC_ARC = YES;
				CLANG_WARN_BOOL_CONVERSION = YES;
				CLANG_WARN_CONSTANT_CONVERSION = YES;
				CLANG_WARN_DIRECT_OBJC_ISA_USAGE = YES_ERROR;
				CLANG_WARN_DOCUMENTATION_COMMENTS = YES;
				CLANG_WARN_EMPTY_BODY = YES;
				CLANG_WARN_ENUM_CONVERSION = YES;
				CLANG_WARN_INFINITE_RECURSION = YES;
				CLANG_WARN_INT_CONVERSION = YES;
				CLANG_WARN_OBJC_ROOT_CLASS = YES_ERROR;
				CLANG_WARN_SUSPICIOUS_MOVE = YES;
				CLANG_WARN_UNREACHABLE_CODE = YES;
				CLANG_WARN__DUPLICATE_METHOD_MATCH = YES;
				"CODE_SIGN_IDENTITY[sdk=iphoneos*]" = "iPhone Developer";
				COPY_PHASE_STRIP = NO;
				DEBUG_INFORMATION_FORMAT = dwarf;
				ENABLE_STRICT_OBJC_MSGSEND = YES;
				ENABLE_TESTABILITY = YES;
				GCC_C_LANGUAGE_STANDARD = gnu99;
				GCC_DYNAMIC_NO_PIC = NO;
				GCC_NO_COMMON_BLOCKS = YES;
				GCC_OPTIMIZATION_LEVEL = 0;
				GCC_PREPROCESSOR_DEFINITIONS = (
					"DEBUG=1",
					"$(inherited)",
				);
				GCC_WARN_64_TO_32_BIT_CONVERSION = YES;
				GCC_WARN_ABOUT_RETURN_TYPE = YES_ERROR;
				GCC_WARN_UNDECLARED_SELECTOR = YES;
				GCC_WARN_UNINITIALIZED_AUTOS = YES_AGGRESSIVE;
				GCC_WARN_UNUSED_FUNCTION = YES;
				GCC_WARN_UNUSED_VARIABLE = YES;
				IPHONEOS_DEPLOYMENT_TARGET = 10.3;
				MTL_ENABLE_DEBUG_INFO = YES;
				ONLY_ACTIVE_ARCH = YES;
				SDKROOT = iphoneos;
				SWIFT_ACTIVE_COMPILATION_CONDITIONS = DEBUG;
				SWIFT_OPTIMIZATION_LEVEL = "-Onone";
			};
			name = Debug;
		};
		282F17BE1F85710C00D3A5DE /* Release */ = {
			isa = XCBuildConfiguration;
			buildSettings = {
				ALWAYS_SEARCH_USER_PATHS = NO;
				CLANG_ANALYZER_NONNULL = YES;
				CLANG_ANALYZER_NUMBER_OBJECT_CONVERSION = YES_AGGRESSIVE;
				CLANG_CXX_LANGUAGE_STANDARD = "gnu++0x";
				CLANG_CXX_LIBRARY = "libc++";
				CLANG_ENABLE_MODULES = YES;
				CLANG_ENABLE_OBJC_ARC = YES;
				CLANG_WARN_BOOL_CONVERSION = YES;
				CLANG_WARN_CONSTANT_CONVERSION = YES;
				CLANG_WARN_DIRECT_OBJC_ISA_USAGE = YES_ERROR;
				CLANG_WARN_DOCUMENTATION_COMMENTS = YES;
				CLANG_WARN_EMPTY_BODY = YES;
				CLANG_WARN_ENUM_CONVERSION = YES;
				CLANG_WARN_INFINITE_RECURSION = YES;
				CLANG_WARN_INT_CONVERSION = YES;
				CLANG_WARN_OBJC_ROOT_CLASS = YES_ERROR;
				CLANG_WARN_SUSPICIOUS_MOVE = YES;
				CLANG_WARN_UNREACHABLE_CODE = YES;
				CLANG_WARN__DUPLICATE_METHOD_MATCH = YES;
				"CODE_SIGN_IDENTITY[sdk=iphoneos*]" = "iPhone Developer";
				COPY_PHASE_STRIP = NO;
				DEBUG_INFORMATION_FORMAT = "dwarf-with-dsym";
				ENABLE_NS_ASSERTIONS = NO;
				ENABLE_STRICT_OBJC_MSGSEND = YES;
				GCC_C_LANGUAGE_STANDARD = gnu99;
				GCC_NO_COMMON_BLOCKS = YES;
				GCC_WARN_64_TO_32_BIT_CONVERSION = YES;
				GCC_WARN_ABOUT_RETURN_TYPE = YES_ERROR;
				GCC_WARN_UNDECLARED_SELECTOR = YES;
				GCC_WARN_UNINITIALIZED_AUTOS = YES_AGGRESSIVE;
				GCC_WARN_UNUSED_FUNCTION = YES;
				GCC_WARN_UNUSED_VARIABLE = YES;
				IPHONEOS_DEPLOYMENT_TARGET = 10.3;
				MTL_ENABLE_DEBUG_INFO = NO;
				SDKROOT = iphoneos;
				SWIFT_OPTIMIZATION_LEVEL = "-Owholemodule";
				VALIDATE_PRODUCT = YES;
			};
			name = Release;
		};
		282F17C01F85710C00D3A5DE /* Debug */ = {
			isa = XCBuildConfiguration;
			baseConfigurationReference = BED05C58104D2815C308A0A8 /* Pods-ADrive.debug.xcconfig */;
			buildSettings = {
				ASSETCATALOG_COMPILER_APPICON_NAME = AppIcon;
				CODE_SIGN_ENTITLEMENTS = ADrive/ADrive.entitlements;
				DEVELOPMENT_TEAM = DB27N6GZDY;
				INFOPLIST_FILE = ADrive/Info.plist;
				LD_RUNPATH_SEARCH_PATHS = "$(inherited) @executable_path/Frameworks";
				PRODUCT_BUNDLE_IDENTIFIER = Daniyar.ADrive;
				PRODUCT_NAME = "$(TARGET_NAME)";
				SWIFT_VERSION = 3.0;
			};
			name = Debug;
		};
		282F17C11F85710C00D3A5DE /* Release */ = {
			isa = XCBuildConfiguration;
			baseConfigurationReference = E099CFB295107EBE7F94AF83 /* Pods-ADrive.release.xcconfig */;
			buildSettings = {
				ASSETCATALOG_COMPILER_APPICON_NAME = AppIcon;
				CODE_SIGN_ENTITLEMENTS = ADrive/ADrive.entitlements;
				DEVELOPMENT_TEAM = DB27N6GZDY;
				INFOPLIST_FILE = ADrive/Info.plist;
				LD_RUNPATH_SEARCH_PATHS = "$(inherited) @executable_path/Frameworks";
				PRODUCT_BUNDLE_IDENTIFIER = Daniyar.ADrive;
				PRODUCT_NAME = "$(TARGET_NAME)";
				SWIFT_VERSION = 3.0;
			};
			name = Release;
		};
/* End XCBuildConfiguration section */

/* Begin XCConfigurationList section */
		282F17A81F85710B00D3A5DE /* Build configuration list for PBXProject "ADrive" */ = {
			isa = XCConfigurationList;
			buildConfigurations = (
				282F17BD1F85710C00D3A5DE /* Debug */,
				282F17BE1F85710C00D3A5DE /* Release */,
			);
			defaultConfigurationIsVisible = 0;
			defaultConfigurationName = Release;
		};
		282F17BF1F85710C00D3A5DE /* Build configuration list for PBXNativeTarget "ADrive" */ = {
			isa = XCConfigurationList;
			buildConfigurations = (
				282F17C01F85710C00D3A5DE /* Debug */,
				282F17C11F85710C00D3A5DE /* Release */,
			);
			defaultConfigurationIsVisible = 0;
			defaultConfigurationName = Release;
		};
/* End XCConfigurationList section */
	};
	rootObject = 282F17A51F85710B00D3A5DE /* Project object */;
}
